
Microsoft Visual Studio Solution File, Format Version 12.00
Project("{F2A71F9B-5D33-465A-A702-920D77279786}") = "Blokčejn", "Blokčejn.fsproj", "{1F2EA606-26DB-446E-A06C-49E4C881303A}"
EndProject
Global
	GlobalSection(SolutionConfigurationPlatforms) = preSolution
		Debug|Any CPU = Debug|Any CPU
		Release|Any CPU = Release|Any CPU
	EndGlobalSection
	GlobalSection(ProjectConfigurationPlatforms) = postSolution
		{1F2EA606-26DB-446E-A06C-49E4C881303A}.Debug|Any CPU.ActiveCfg = Debug|Any CPU
		{1F2EA606-26DB-446E-A06C-49E4C881303A}.Debug|Any CPU.Build.0 = Debug|Any CPU
		{1F2EA606-26DB-446E-A06C-49E4C881303A}.Release|Any CPU.ActiveCfg = Release|Any CPU
		{1F2EA606-26DB-446E-A06C-49E4C881303A}.Release|Any CPU.Build.0 = Release|Any CPU
	EndGlobalSection
EndGlobal
